// !$*UTF8*$!
{
	archiveVersion = 1;
	classes = {
	};
	objectVersion = 48;
	objects = {

/* Begin PBXBuildFile section */
		DB1B16DB201E77640058D1B2 /* AppDelegate.swift in Sources */ = {isa = PBXBuildFile; fileRef = DB1B16DA201E77640058D1B2 /* AppDelegate.swift */; };
		DB1B16DD201E77640058D1B2 /* ViewController.swift in Sources */ = {isa = PBXBuildFile; fileRef = DB1B16DC201E77640058D1B2 /* ViewController.swift */; };
		DB1B16E0201E77640058D1B2 /* Main.storyboard in Resources */ = {isa = PBXBuildFile; fileRef = DB1B16DE201E77640058D1B2 /* Main.storyboard */; };
		DB1B16E2201E77640058D1B2 /* Assets.xcassets in Resources */ = {isa = PBXBuildFile; fileRef = DB1B16E1201E77640058D1B2 /* Assets.xcassets */; };
		DB1B16E5201E77640058D1B2 /* LaunchScreen.storyboard in Resources */ = {isa = PBXBuildFile; fileRef = DB1B16E3201E77640058D1B2 /* LaunchScreen.storyboard */; };
		DB1B16F0201E77640058D1B2 /* CareWareTests.swift in Sources */ = {isa = PBXBuildFile; fileRef = DB1B16EF201E77640058D1B2 /* CareWareTests.swift */; };
/* End PBXBuildFile section */

/* Begin PBXContainerItemProxy section */
		DB1B16EC201E77640058D1B2 /* PBXContainerItemProxy */ = {
			isa = PBXContainerItemProxy;
			containerPortal = DB1B16CF201E77640058D1B2 /* Project object */;
			proxyType = 1;
			remoteGlobalIDString = DB1B16D6201E77640058D1B2;
			remoteInfo = CareWare;
		};
/* End PBXContainerItemProxy section */

/* Begin PBXFileReference section */
		DB1B16D7201E77640058D1B2 /* CareWare.app */ = {isa = PBXFileReference; explicitFileType = wrapper.application; includeInIndex = 0; path = CareWare.app; sourceTree = BUILT_PRODUCTS_DIR; };
		DB1B16DA201E77640058D1B2 /* AppDelegate.swift */ = {isa = PBXFileReference; lastKnownFileType = sourcecode.swift; path = AppDelegate.swift; sourceTree = "<group>"; };
		DB1B16DC201E77640058D1B2 /* ViewController.swift */ = {isa = PBXFileReference; lastKnownFileType = sourcecode.swift; path = ViewController.swift; sourceTree = "<group>"; };
		DB1B16DF201E77640058D1B2 /* Base */ = {isa = PBXFileReference; lastKnownFileType = file.storyboard; name = Base; path = Base.lproj/Main.storyboard; sourceTree = "<group>"; };
		DB1B16E1201E77640058D1B2 /* Assets.xcassets */ = {isa = PBXFileReference; lastKnownFileType = folder.assetcatalog; path = Assets.xcassets; sourceTree = "<group>"; };
		DB1B16E4201E77640058D1B2 /* Base */ = {isa = PBXFileReference; lastKnownFileType = file.storyboard; name = Base; path = Base.lproj/LaunchScreen.storyboard; sourceTree = "<group>"; };
		DB1B16E6201E77640058D1B2 /* Info.plist */ = {isa = PBXFileReference; lastKnownFileType = text.plist.xml; path = Info.plist; sourceTree = "<group>"; };
		DB1B16EB201E77640058D1B2 /* CareWareTests.xctest */ = {isa = PBXFileReference; explicitFileType = wrapper.cfbundle; includeInIndex = 0; path = CareWareTests.xctest; sourceTree = BUILT_PRODUCTS_DIR; };
		DB1B16EF201E77640058D1B2 /* CareWareTests.swift */ = {isa = PBXFileReference; lastKnownFileType = sourcecode.swift; path = CareWareTests.swift; sourceTree = "<group>"; };
		DB1B16F1201E77640058D1B2 /* Info.plist */ = {isa = PBXFileReference; lastKnownFileType = text.plist.xml; path = Info.plist; sourceTree = "<group>"; };
/* End PBXFileReference section */

/* Begin PBXFrameworksBuildPhase section */
		DB1B16D4201E77640058D1B2 /* Frameworks */ = {
			isa = PBXFrameworksBuildPhase;
			buildActionMask = 2147483647;
			files = (
			);
			runOnlyForDeploymentPostprocessing = 0;
		};
		DB1B16E8201E77640058D1B2 /* Frameworks */ = {
			isa = PBXFrameworksBuildPhase;
			buildActionMask = 2147483647;
			files = (
			);
			runOnlyForDeploymentPostprocessing = 0;
		};
/* End PBXFrameworksBuildPhase section */

/* Begin PBXGroup section */
		DB1B16CE201E77640058D1B2 = {
			isa = PBXGroup;
			children = (
				DB1B16D9201E77640058D1B2 /* CareWare */,
				DB1B16EE201E77640058D1B2 /* CareWareTests */,
				DB1B16D8201E77640058D1B2 /* Products */,
			);
			sourceTree = "<group>";
		};
		DB1B16D8201E77640058D1B2 /* Products */ = {
			isa = PBXGroup;
			children = (
				DB1B16D7201E77640058D1B2 /* CareWare.app */,
				DB1B16EB201E77640058D1B2 /* CareWareTests.xctest */,
			);
			name = Products;
			sourceTree = "<group>";
		};
		DB1B16D9201E77640058D1B2 /* CareWare */ = {
			isa = PBXGroup;
			children = (
				DB1B16DA201E77640058D1B2 /* AppDelegate.swift */,
				DB1B16DC201E77640058D1B2 /* ViewController.swift */,
				DB1B16DE201E77640058D1B2 /* Main.storyboard */,
				DB1B16E1201E77640058D1B2 /* Assets.xcassets */,
				DB1B16E3201E77640058D1B2 /* LaunchScreen.storyboard */,
				DB1B16E6201E77640058D1B2 /* Info.plist */,
			);
			path = CareWare;
			sourceTree = "<group>";
		};
		DB1B16EE201E77640058D1B2 /* CareWareTests */ = {
			isa = PBXGroup;
			children = (
				DB1B16EF201E77640058D1B2 /* CareWareTests.swift */,
				DB1B16F1201E77640058D1B2 /* Info.plist */,
			);
			path = CareWareTests;
			sourceTree = "<group>";
		};
/* End PBXGroup section */

/* Begin PBXNativeTarget section */
		DB1B16D6201E77640058D1B2 /* CareWare */ = {
			isa = PBXNativeTarget;
			buildConfigurationList = DB1B16F4201E77640058D1B2 /* Build configuration list for PBXNativeTarget "CareWare" */;
			buildPhases = (
				DB1B16D3201E77640058D1B2 /* Sources */,
				DB1B16D4201E77640058D1B2 /* Frameworks */,
				DB1B16D5201E77640058D1B2 /* Resources */,
			);
			buildRules = (
			);
			dependencies = (
			);
			name = CareWare;
			productName = CareWare;
			productReference = DB1B16D7201E77640058D1B2 /* CareWare.app */;
			productType = "com.apple.product-type.application";
		};
		DB1B16EA201E77640058D1B2 /* CareWareTests */ = {
			isa = PBXNativeTarget;
			buildConfigurationList = DB1B16F7201E77640058D1B2 /* Build configuration list for PBXNativeTarget "CareWareTests" */;
			buildPhases = (
				DB1B16E7201E77640058D1B2 /* Sources */,
				DB1B16E8201E77640058D1B2 /* Frameworks */,
				DB1B16E9201E77640058D1B2 /* Resources */,
			);
			buildRules = (
			);
			dependencies = (
				DB1B16ED201E77640058D1B2 /* PBXTargetDependency */,
			);
			name = CareWareTests;
			productName = CareWareTests;
			productReference = DB1B16EB201E77640058D1B2 /* CareWareTests.xctest */;
			productType = "com.apple.product-type.bundle.unit-test";
		};
/* End PBXNativeTarget section */

/* Begin PBXProject section */
		DB1B16CF201E77640058D1B2 /* Project object */ = {
			isa = PBXProject;
			attributes = {
				LastSwiftUpdateCheck = 0920;
				LastUpgradeCheck = 0920;
				ORGANIZATIONNAME = "Rene Miller";
				TargetAttributes = {
					DB1B16D6201E77640058D1B2 = {
						CreatedOnToolsVersion = 9.2;
						ProvisioningStyle = Automatic;
					};
					DB1B16EA201E77640058D1B2 = {
						CreatedOnToolsVersion = 9.2;
						ProvisioningStyle = Automatic;
						TestTargetID = DB1B16D6201E77640058D1B2;
					};
				};
			};
			buildConfigurationList = DB1B16D2201E77640058D1B2 /* Build configuration list for PBXProject "CareWare" */;
			compatibilityVersion = "Xcode 8.0";
			developmentRegion = en;
			hasScannedForEncodings = 0;
			knownRegions = (
				en,
				Base,
			);
			mainGroup = DB1B16CE201E77640058D1B2;
			productRefGroup = DB1B16D8201E77640058D1B2 /* Products */;
			projectDirPath = "";
			projectRoot = "";
			targets = (
				DB1B16D6201E77640058D1B2 /* CareWare */,
				DB1B16EA201E77640058D1B2 /* CareWareTests */,
			);
		};
/* End PBXProject section */

/* Begin PBXResourcesBuildPhase section */
		DB1B16D5201E77640058D1B2 /* Resources */ = {
			isa = PBXResourcesBuildPhase;
			buildActionMask = 2147483647;
			files = (
				DB1B16E5201E77640058D1B2 /* LaunchScreen.storyboard in Resources */,
				DB1B16E2201E77640058D1B2 /* Assets.xcassets in Resources */,
				DB1B16E0201E77640058D1B2 /* Main.storyboard in Resources */,
			);
			runOnlyForDeploymentPostprocessing = 0;
		};
		DB1B16E9201E77640058D1B2 /* Resources */ = {
			isa = PBXResourcesBuildPhase;
			buildActionMask = 2147483647;
			files = (
			);
			runOnlyForDeploymentPostprocessing = 0;
		};
/* End PBXResourcesBuildPhase section */

/* Begin PBXSourcesBuildPhase section */
		DB1B16D3201E77640058D1B2 /* Sources */ = {
			isa = PBXSourcesBuildPhase;
			buildActionMask = 2147483647;
			files = (
				DB1B16DD201E77640058D1B2 /* ViewController.swift in Sources */,
				DB1B16DB201E77640058D1B2 /* AppDelegate.swift in Sources */,
			);
			runOnlyForDeploymentPostprocessing = 0;
		};
		DB1B16E7201E77640058D1B2 /* Sources */ = {
			isa = PBXSourcesBuildPhase;
			buildActionMask = 2147483647;
			files = (
				DB1B16F0201E77640058D1B2 /* CareWareTests.swift in Sources */,
			);
			runOnlyForDeploymentPostprocessing = 0;
		};
/* End PBXSourcesBuildPhase section */

/* Begin PBXTargetDependency section */
		DB1B16ED201E77640058D1B2 /* PBXTargetDependency */ = {
			isa = PBXTargetDependency;
			target = DB1B16D6201E77640058D1B2 /* CareWare */;
			targetProxy = DB1B16EC201E77640058D1B2 /* PBXContainerItemProxy */;
		};
/* End PBXTargetDependency section */

/* Begin PBXVariantGroup section */
		DB1B16DE201E77640058D1B2 /* Main.storyboard */ = {
			isa = PBXVariantGroup;
			children = (
				DB1B16DF201E77640058D1B2 /* Base */,
			);
			name = Main.storyboard;
			sourceTree = "<group>";
		};
		DB1B16E3201E77640058D1B2 /* LaunchScreen.storyboard */ = {
			isa = PBXVariantGroup;
			children = (
				DB1B16E4201E77640058D1B2 /* Base */,
			);
			name = LaunchScreen.storyboard;
			sourceTree = "<group>";
		};
/* End PBXVariantGroup section */

/* Begin XCBuildConfiguration section */
		DB1B16F2201E77640058D1B2 /* Debug */ = {
			isa = XCBuildConfiguration;
			buildSettings = {
				ALWAYS_SEARCH_USER_PATHS = NO;
				CLANG_ANALYZER_NONNULL = YES;
				CLANG_ANALYZER_NUMBER_OBJECT_CONVERSION = YES_AGGRESSIVE;
				CLANG_CXX_LANGUAGE_STANDARD = "gnu++14";
				CLANG_CXX_LIBRARY = "libc++";
				CLANG_ENABLE_MODULES = YES;
				CLANG_ENABLE_OBJC_ARC = YES;
				CLANG_WARN_BLOCK_CAPTURE_AUTORELEASING = YES;
				CLANG_WARN_BOOL_CONVERSION = YES;
				CLANG_WARN_COMMA = YES;
				CLANG_WARN_CONSTANT_CONVERSION = YES;
				CLANG_WARN_DIRECT_OBJC_ISA_USAGE = YES_ERROR;
				CLANG_WARN_DOCUMENTATION_COMMENTS = YES;
				CLANG_WARN_EMPTY_BODY = YES;
				CLANG_WARN_ENUM_CONVERSION = YES;
				CLANG_WARN_INFINITE_RECURSION = YES;
				CLANG_WARN_INT_CONVERSION = YES;
				CLANG_WARN_NON_LITERAL_NULL_CONVERSION = YES;
				CLANG_WARN_OBJC_LITERAL_CONVERSION = YES;
				CLANG_WARN_OBJC_ROOT_CLASS = YES_ERROR;
				CLANG_WARN_RANGE_LOOP_ANALYSIS = YES;
				CLANG_WARN_STRICT_PROTOTYPES = YES;
				CLANG_WARN_SUSPICIOUS_MOVE = YES;
				CLANG_WARN_UNGUARDED_AVAILABILITY = YES_AGGRESSIVE;
				CLANG_WARN_UNREACHABLE_CODE = YES;
				CLANG_WARN__DUPLICATE_METHOD_MATCH = YES;
				CODE_SIGN_IDENTITY = "iPhone Developer";
				COPY_PHASE_STRIP = NO;
				DEBUG_INFORMATION_FORMAT = dwarf;
				ENABLE_STRICT_OBJC_MSGSEND = YES;
				ENABLE_TESTABILITY = YES;
				GCC_C_LANGUAGE_STANDARD = gnu11;
				GCC_DYNAMIC_NO_PIC = NO;
				GCC_NO_COMMON_BLOCKS = YES;
				GCC_OPTIMIZATION_LEVEL = 0;
				GCC_PREPROCESSOR_DEFINITIONS = (
					"DEBUG=1",
					"$(inherited)",
				);
				GCC_WARN_64_TO_32_BIT_CONVERSION = YES;
				GCC_WARN_ABOUT_RETURN_TYPE = YES_ERROR;
				GCC_WARN_UNDECLARED_SELECTOR = YES;
				GCC_WARN_UNINITIALIZED_AUTOS = YES_AGGRESSIVE;
				GCC_WARN_UNUSED_FUNCTION = YES;
				GCC_WARN_UNUSED_VARIABLE = YES;
				IPHONEOS_DEPLOYMENT_TARGET = 11.2;
				MTL_ENABLE_DEBUG_INFO = YES;
				ONLY_ACTIVE_ARCH = YES;
				SDKROOT = iphoneos;
				SWIFT_ACTIVE_COMPILATION_CONDITIONS = DEBUG;
				SWIFT_OPTIMIZATION_LEVEL = "-Onone";
			};
			name = Debug;
		};
		DB1B16F3201E77640058D1B2 /* Release */ = {
			isa = XCBuildConfiguration;
			buildSettings = {
				ALWAYS_SEARCH_USER_PATHS = NO;
				CLANG_ANALYZER_NONNULL = YES;
				CLANG_ANALYZER_NUMBER_OBJECT_CONVERSION = YES_AGGRESSIVE;
				CLANG_CXX_LANGUAGE_STANDARD = "gnu++14";
				CLANG_CXX_LIBRARY = "libc++";
				CLANG_ENABLE_MODULES = YES;
				CLANG_ENABLE_OBJC_ARC = YES;
				CLANG_WARN_BLOCK_CAPTURE_AUTORELEASING = YES;
				CLANG_WARN_BOOL_CONVERSION = YES;
				CLANG_WARN_COMMA = YES;
				CLANG_WARN_CONSTANT_CONVERSION = YES;
				CLANG_WARN_DIRECT_OBJC_ISA_USAGE = YES_ERROR;
				CLANG_WARN_DOCUMENTATION_COMMENTS = YES;
				CLANG_WARN_EMPTY_BODY = YES;
				CLANG_WARN_ENUM_CONVERSION = YES;
				CLANG_WARN_INFINITE_RECURSION = YES;
				CLANG_WARN_INT_CONVERSION = YES;
				CLANG_WARN_NON_LITERAL_NULL_CONVERSION = YES;
				CLANG_WARN_OBJC_LITERAL_CONVERSION = YES;
				CLANG_WARN_OBJC_ROOT_CLASS = YES_ERROR;
				CLANG_WARN_RANGE_LOOP_ANALYSIS = YES;
				CLANG_WARN_STRICT_PROTOTYPES = YES;
				CLANG_WARN_SUSPICIOUS_MOVE = YES;
				CLANG_WARN_UNGUARDED_AVAILABILITY = YES_AGGRESSIVE;
				CLANG_WARN_UNREACHABLE_CODE = YES;
				CLANG_WARN__DUPLICATE_METHOD_MATCH = YES;
				CODE_SIGN_IDENTITY = "iPhone Developer";
				COPY_PHASE_STRIP = NO;
				DEBUG_INFORMATION_FORMAT = "dwarf-with-dsym";
				ENABLE_NS_ASSERTIONS = NO;
				ENABLE_STRICT_OBJC_MSGSEND = YES;
				GCC_C_LANGUAGE_STANDARD = gnu11;
				GCC_NO_COMMON_BLOCKS = YES;
				GCC_WARN_64_TO_32_BIT_CONVERSION = YES;
				GCC_WARN_ABOUT_RETURN_TYPE = YES_ERROR;
				GCC_WARN_UNDECLARED_SELECTOR = YES;
				GCC_WARN_UNINITIALIZED_AUTOS = YES_AGGRESSIVE;
				GCC_WARN_UNUSED_FUNCTION = YES;
				GCC_WARN_UNUSED_VARIABLE = YES;
				IPHONEOS_DEPLOYMENT_TARGET = 11.2;
				MTL_ENABLE_DEBUG_INFO = NO;
				SDKROOT = iphoneos;
				SWIFT_OPTIMIZATION_LEVEL = "-Owholemodule";
				VALIDATE_PRODUCT = YES;
			};
			name = Release;
		};
		DB1B16F5201E77640058D1B2 /* Debug */ = {
			isa = XCBuildConfiguration;
			buildSettings = {
				ASSETCATALOG_COMPILER_APPICON_NAME = AppIcon;
				CODE_SIGN_STYLE = Automatic;
				DEVELOPMENT_TEAM = 7HGX8SZHWF;
				INFOPLIST_FILE = CareWare/Info.plist;
				LD_RUNPATH_SEARCH_PATHS = "$(inherited) @executable_path/Frameworks";
				PRODUCT_BUNDLE_IDENTIFIER = com.example.CareWare;
				PRODUCT_NAME = "$(TARGET_NAME)";
				SWIFT_VERSION = 4.0;
				TARGETED_DEVICE_FAMILY = "1,2";
			};
			name = Debug;
		};
		DB1B16F6201E77640058D1B2 /* Release */ = {
			isa = XCBuildConfiguration;
			buildSettings = {
				ASSETCATALOG_COMPILER_APPICON_NAME = AppIcon;
				CODE_SIGN_STYLE = Automatic;
				DEVELOPMENT_TEAM = 7HGX8SZHWF;
				INFOPLIST_FILE = CareWare/Info.plist;
				LD_RUNPATH_SEARCH_PATHS = "$(inherited) @executable_path/Frameworks";
				PRODUCT_BUNDLE_IDENTIFIER = com.example.CareWare;
				PRODUCT_NAME = "$(TARGET_NAME)";
				SWIFT_VERSION = 4.0;
				TARGETED_DEVICE_FAMILY = "1,2";
			};
			name = Release;
		};
		DB1B16F8201E77640058D1B2 /* Debug */ = {
			isa = XCBuildConfiguration;
			buildSettings = {
				ALWAYS_EMBED_SWIFT_STANDARD_LIBRARIES = YES;
				BUNDLE_LOADER = "$(TEST_HOST)";
				CODE_SIGN_STYLE = Automatic;
				DEVELOPMENT_TEAM = 7HGX8SZHWF;
				INFOPLIST_FILE = CareWareTests/Info.plist;
				LD_RUNPATH_SEARCH_PATHS = "$(inherited) @executable_path/Frameworks @loader_path/Frameworks";
				PRODUCT_BUNDLE_IDENTIFIER = com.example.CareWareTests;
				PRODUCT_NAME = "$(TARGET_NAME)";
				SWIFT_VERSION = 4.0;
				TARGETED_DEVICE_FAMILY = "1,2";
				TEST_HOST = "$(BUILT_PRODUCTS_DIR)/CareWare.app/CareWare";
			};
			name = Debug;
		};
		DB1B16F9201E77640058D1B2 /* Release */ = {
			isa = XCBuildConfiguration;
			buildSettings = {
				ALWAYS_EMBED_SWIFT_STANDARD_LIBRARIES = YES;
				BUNDLE_LOADER = "$(TEST_HOST)";
				CODE_SIGN_STYLE = Automatic;
				DEVELOPMENT_TEAM = 7HGX8SZHWF;
				INFOPLIST_FILE = CareWareTests/Info.plist;
				LD_RUNPATH_SEARCH_PATHS = "$(inherited) @executable_path/Frameworks @loader_path/Frameworks";
				PRODUCT_BUNDLE_IDENTIFIER = com.example.CareWareTests;
				PRODUCT_NAME = "$(TARGET_NAME)";
				SWIFT_VERSION = 4.0;
				TARGETED_DEVICE_FAMILY = "1,2";
				TEST_HOST = "$(BUILT_PRODUCTS_DIR)/CareWare.app/CareWare";
			};
			name = Release;
		};
/* End XCBuildConfiguration section */

/* Begin XCConfigurationList section */
		DB1B16D2201E77640058D1B2 /* Build configuration list for PBXProject "CareWare" */ = {
			isa = XCConfigurationList;
			buildConfigurations = (
				DB1B16F2201E77640058D1B2 /* Debug */,
				DB1B16F3201E77640058D1B2 /* Release */,
			);
			defaultConfigurationIsVisible = 0;
			defaultConfigurationName = Release;
		};
		DB1B16F4201E77640058D1B2 /* Build configuration list for PBXNativeTarget "CareWare" */ = {
			isa = XCConfigurationList;
			buildConfigurations = (
				DB1B16F5201E77640058D1B2 /* Debug */,
				DB1B16F6201E77640058D1B2 /* Release */,
			);
			defaultConfigurationIsVisible = 0;
			defaultConfigurationName = Release;
		};
		DB1B16F7201E77640058D1B2 /* Build configuration list for PBXNativeTarget "CareWareTests" */ = {
			isa = XCConfigurationList;
			buildConfigurations = (
				DB1B16F8201E77640058D1B2 /* Debug */,
				DB1B16F9201E77640058D1B2 /* Release */,
			);
			defaultConfigurationIsVisible = 0;
			defaultConfigurationName = Release;
		};
/* End XCConfigurationList section */
	};
	rootObject = DB1B16CF201E77640058D1B2 /* Project object */;
}
